{
  "projects": [
    {
      "projectId": "seaQhLVS4bbjiGvJJrRwyL",
      "version": "15.0.3",
      "dependencies": {},
      "lang": "js",
      "fileLocks": [
        {
          "assetId": "seaQhLVS4bbjiGvJJrRwyL",
          "type": "projectCss",
          "checksum": "27db00cb356a331a9fd0f219c2cde5cc"
        }
      ],
      "codegenVersion": "0.0.1"
    },
    {
      "projectId": "rEfCz2iwr7rKqS5mwAwHSJ",
      "version": "latest",
      "dependencies": {
        "seaQhLVS4bbjiGvJJrRwyL": "15.0.3",
        "caTPwKxj5ZrD9LQ7DMdK4Z": "3.19.0"
      },
      "lang": "js",
      "fileLocks": [
        {
          "type": "globalVariant",
          "assetId": "eBz5eHfWHCIiS",
          "checksum": "9467328d236915c9a2b60a7cd55967c7"
        },
        {
          "type": "renderModule",
          "assetId": "mthBts1npaTEv",
          "checksum": "e7600807d260b38d275b3e9a30b0672f"
        },
        {
          "type": "cssRules",
          "assetId": "mthBts1npaTEv",
          "checksum": "e7600807d260b38d275b3e9a30b0672f"
        },
        {
          "type": "renderModule",
          "assetId": "3n34xrGGUZkcT",
          "checksum": "97aabeb928b84a55ca38a78470f0bd19"
        },
        {
          "type": "cssRules",
          "assetId": "3n34xrGGUZkcT",
          "checksum": "97aabeb928b84a55ca38a78470f0bd19"
        },
        {
          "type": "renderModule",
          "assetId": "LxqqBSLRZqOTHn",
          "checksum": "4d935cdea49eb77ccb160410b8f7339f"
        },
        {
          "type": "cssRules",
          "assetId": "LxqqBSLRZqOTHn",
          "checksum": "4d935cdea49eb77ccb160410b8f7339f"
        },
        {
          "type": "renderModule",
          "assetId": "fZj-J9nF5TsCnZ",
          "checksum": "7f5619bc2eee03b93ebf32ef64e7b2e2"
        },
        {
          "type": "cssRules",
          "assetId": "fZj-J9nF5TsCnZ",
          "checksum": "7f5619bc2eee03b93ebf32ef64e7b2e2"
        },
        {
          "type": "renderModule",
          "assetId": "XnnzAWz-1wmuax",
          "checksum": "6c5ec4597bcace4fbd638c00d87e2ffe"
        },
        {
          "type": "cssRules",
          "assetId": "XnnzAWz-1wmuax",
          "checksum": "6c5ec4597bcace4fbd638c00d87e2ffe"
        },
        {
          "type": "renderModule",
          "assetId": "S4BG_ERmxjKtNi",
          "checksum": "f2090b4c2affc18af42591c59d6a86dd"
        },
        {
          "type": "cssRules",
          "assetId": "S4BG_ERmxjKtNi",
          "checksum": "f2090b4c2affc18af42591c59d6a86dd"
        },
        {
          "type": "renderModule",
          "assetId": "cSCifWd1qCDiy6",
          "checksum": "172507aaee1f9b0c5d3440a99497b898"
        },
        {
          "type": "cssRules",
          "assetId": "cSCifWd1qCDiy6",
          "checksum": "172507aaee1f9b0c5d3440a99497b898"
        },
        {
          "type": "renderModule",
          "assetId": "dp8ktgGbn06Mli",
          "checksum": "bd03f205d8ea197d0404cd55ec10590b"
        },
        {
          "type": "cssRules",
          "assetId": "dp8ktgGbn06Mli",
          "checksum": "bd03f205d8ea197d0404cd55ec10590b"
        },
        {
          "type": "renderModule",
          "assetId": "8glfZ7xZvSyklt",
          "checksum": "ad96a97fe19199bd8d04fb24e8f419e4"
        },
        {
          "type": "cssRules",
          "assetId": "8glfZ7xZvSyklt",
          "checksum": "ad96a97fe19199bd8d04fb24e8f419e4"
        },
        {
          "type": "renderModule",
          "assetId": "LN1oqcvcc_f0mJ",
          "checksum": "521d50b1429aaacad14c4259eaff3478"
        },
        {
          "type": "cssRules",
          "assetId": "LN1oqcvcc_f0mJ",
          "checksum": "521d50b1429aaacad14c4259eaff3478"
        },
        {
          "type": "renderModule",
          "assetId": "5gstgJFbJYVssC",
          "checksum": "0698404781a6fd673281b32f50bbc297"
        },
        {
          "type": "cssRules",
          "assetId": "5gstgJFbJYVssC",
          "checksum": "0698404781a6fd673281b32f50bbc297"
        },
        {
          "type": "renderModule",
          "assetId": "my69YTFDut9BnF",
          "checksum": "282f7a8ee151f5f8193f92471ad99013"
        },
        {
          "type": "cssRules",
          "assetId": "my69YTFDut9BnF",
          "checksum": "282f7a8ee151f5f8193f92471ad99013"
        },
        {
          "type": "renderModule",
          "assetId": "0pEEgiS0nxHbIS",
          "checksum": "d489d44ef8e819ca639d1a97963c8d3c"
        },
        {
          "type": "cssRules",
          "assetId": "0pEEgiS0nxHbIS",
          "checksum": "d489d44ef8e819ca639d1a97963c8d3c"
        },
        {
          "type": "renderModule",
          "assetId": "Xm_m8b8iop9R36",
          "checksum": "1e46953f3c06f8644b73e7ce7524e039"
        },
        {
          "type": "cssRules",
          "assetId": "Xm_m8b8iop9R36",
          "checksum": "1e46953f3c06f8644b73e7ce7524e039"
        },
        {
          "type": "renderModule",
          "assetId": "q0ZcqhicNTByrb",
          "checksum": "eb3381983d9eb0701b4994b8a7e33578"
        },
        {
          "type": "cssRules",
          "assetId": "q0ZcqhicNTByrb",
          "checksum": "eb3381983d9eb0701b4994b8a7e33578"
        },
        {
          "type": "renderModule",
          "assetId": "YevEBwLRvlHsma",
          "checksum": "25598c6d72a2398932533941d52693a9"
        },
        {
          "type": "cssRules",
          "assetId": "YevEBwLRvlHsma",
          "checksum": "25598c6d72a2398932533941d52693a9"
        },
        {
          "type": "renderModule",
          "assetId": "uvbpI5kp2cZB5y",
          "checksum": "179b72f0d4969c73c61bf26c01fe8057"
        },
        {
          "type": "cssRules",
          "assetId": "uvbpI5kp2cZB5y",
          "checksum": "179b72f0d4969c73c61bf26c01fe8057"
        },
        {
          "type": "renderModule",
          "assetId": "2xAhaQqFLNDJ",
          "checksum": "c096294fb2cb63a9320a009d6350da54"
        },
        {
          "type": "cssRules",
          "assetId": "2xAhaQqFLNDJ",
          "checksum": "c096294fb2cb63a9320a009d6350da54"
        },
        {
          "type": "renderModule",
          "assetId": "Juzi9-bz48uXF",
          "checksum": "72d9da0f88af032cfb34c67c776a9e6f"
        },
        {
          "type": "cssRules",
          "assetId": "Juzi9-bz48uXF",
          "checksum": "72d9da0f88af032cfb34c67c776a9e6f"
        },
        {
          "type": "renderModule",
          "assetId": "j8IfQtI8VXY7N",
          "checksum": "d418726a03dab2dd9dde07c8721cdccb"
        },
        {
          "type": "cssRules",
          "assetId": "j8IfQtI8VXY7N",
          "checksum": "d418726a03dab2dd9dde07c8721cdccb"
        },
        {
          "type": "icon",
          "assetId": "XWqlBj7rEA36U0",
          "checksum": "5b77bf3dd51a66055818879648efbd92"
        },
        {
          "type": "icon",
          "assetId": "3xEH7bHcW3-NpO",
          "checksum": "ea54b346844bdd2024cc75320fdb02b3"
        },
        {
          "type": "icon",
          "assetId": "lNvYETvFX1hBPy",
          "checksum": "5bb55f00d12b3914817ce5b2242d8f56"
        },
        {
          "type": "icon",
          "assetId": "17FHp2Sfl92rc2",
          "checksum": "bd73731d3c28a6bfb5f44b3185f09755"
        },
        {
          "type": "icon",
          "assetId": "QsQzqzfecxF4Nd",
          "checksum": "4987bfd010047b926728661f3887fb87"
        },
        {
          "type": "icon",
          "assetId": "pkDRLvRhQyFHX-",
          "checksum": "1443d1436a6e5286f94d12753f1c2784"
        },
        {
          "type": "icon",
          "assetId": "tvOh4QVVJO53lZ",
          "checksum": "0c74e8398a43ff8b79e439f5b4eace90"
        },
        {
          "type": "icon",
          "assetId": "NvpFT5fbrx1DYx",
          "checksum": "6e65c1296e470a94b1a7f7a74ed222f6"
        },
        {
          "type": "icon",
          "assetId": "xa2GOwf8PkI0L3",
          "checksum": "6bf0cfa89b05c025cb05d41505fe953f"
        },
        {
          "type": "icon",
          "assetId": "qwBAuqH0zCBq6D",
          "checksum": "b8545f2986abc9410606d9f10b49db60"
        },
        {
          "type": "icon",
          "assetId": "pyke_L25xH4OU1",
          "checksum": "d56d75a8c4c775b88a12e6b5087fbbf2"
        },
        {
          "type": "icon",
          "assetId": "Nwvta3SxP4pR-u",
          "checksum": "dcc573f5d6dbc41a4d30cc3665c20f3d"
        },
        {
          "type": "icon",
          "assetId": "xNzY4glCja1gZM",
          "checksum": "060f129d174f8e422f01f6f94405c704"
        },
        {
          "type": "icon",
          "assetId": "cjAUUB9sI-aZHF",
          "checksum": "5d0731554becc634481a5ec21b10afcb"
        },
        {
          "type": "icon",
          "assetId": "M8AxVWgaJ59BuV",
          "checksum": "ce79f846a08c536f0eb9bb60971b5080"
        },
        {
          "type": "icon",
          "assetId": "bh5x8BT8XCXvxv",
          "checksum": "3d20ca6634ac1b9702f3f5a495df4de9"
        },
        {
          "type": "icon",
          "assetId": "U2iBC02sFdzdac",
          "checksum": "a668aafe2f6c57eaf003277ed676522b"
        },
        {
          "type": "icon",
          "assetId": "JsKouoon0CGOVx",
          "checksum": "01b4cd93640d73bd1441d5e213e3512d"
        },
        {
          "type": "icon",
          "assetId": "E4tMfbjWGyDVvG",
          "checksum": "26012cfabd207c587dc1bb97a61fccee"
        },
        {
          "type": "icon",
          "assetId": "jA1X_qQL9RhW5A",
          "checksum": "a524dcfd3f64578e33d7a9ab324d8185"
        },
        {
          "type": "icon",
          "assetId": "hyi5xavEH4i2so",
          "checksum": "3b0039ff28513927971a90fbd0c87159"
        },
        {
          "type": "icon",
          "assetId": "2bQzXebP-PPHv7",
          "checksum": "de25fdb93e187e67f9770f0f23dbd78d"
        },
        {
          "type": "icon",
          "assetId": "SdHLg82cM54O1P",
          "checksum": "ea8c81898967f5a7dc0ed790a0e1fd62"
        },
        {
          "type": "icon",
          "assetId": "XwcHvYQl8RBaBN",
          "checksum": "8450175c4c6afedfc6f18f7652056b5e"
        },
        {
          "type": "icon",
          "assetId": "O2QWoBgcxgp-Zk",
          "checksum": "73992844b762074df9e55ae389adadf9"
        },
        {
          "type": "icon",
          "assetId": "K8cVAamtvGJo4t",
          "checksum": "87510e82b8291189bb7816eb2f7edb12"
        },
        {
          "type": "icon",
          "assetId": "Bm9FzIV79deHOd",
          "checksum": "8fd1ab22d6a2cc34fb82de368b0b89e2"
        },
        {
          "type": "icon",
          "assetId": "ABDuk2ujThBlmS",
          "checksum": "7f461935efb0bc3f1d990de091d73a08"
        },
        {
          "type": "icon",
          "assetId": "MAqbHCtANvbplZ",
          "checksum": "b94228a9cb12f421eb7855c0b81c0fcf"
        },
        {
          "type": "icon",
          "assetId": "a4blc_V-jJe1cb",
          "checksum": "ce87562f7309b98336044e1cd5cfcb90"
        },
        {
          "type": "icon",
          "assetId": "-EjKRR1SJQfsPD",
          "checksum": "408786ea85d4096ea997d765d5bb448f"
        },
        {
          "type": "image",
          "assetId": "Zg3rrqrFGCVmxb",
          "checksum": "6d81b6a590a227af6e7f50b5b4fa499b"
        },
        {
          "type": "image",
          "assetId": "ev7j7dqGRGjCXb",
          "checksum": "07151200f685ad7863cffe895e68eb18"
        },
        {
          "type": "image",
          "assetId": "JRKDtbtLWaOn83",
          "checksum": "b466962e3811aa2c3c725e9d979a5bb4"
        },
        {
          "type": "image",
          "assetId": "wTG02mowuh2b9t",
          "checksum": "7b435a860b52a7c915f1d57dba46e9da"
        },
        {
          "type": "image",
          "assetId": "kaj68TYyQaajMw",
          "checksum": "95dc58708a314e7515f57c5b60e78ec6"
        },
        {
          "type": "image",
          "assetId": "rvI7pgN-qj5Wtp",
          "checksum": "ef241b14c034e498dc487e8ed61624cb"
        },
        {
          "type": "image",
          "assetId": "qWPAql63MX1UAq",
          "checksum": "c14df67ab3bc38410cb430b77bcd3dfb"
        },
        {
          "type": "image",
          "assetId": "blWnekameYLX19",
          "checksum": "50a9d99d6edb22d182708a9c65ee4e21"
        },
        {
          "type": "image",
          "assetId": "3ZJ4dO5GeyBvDf",
          "checksum": "6886dc857ec54de2486723f17b972be8"
        },
        {
          "type": "image",
          "assetId": "0EI-TITm26I_Js",
          "checksum": "a2508bfb35035680b4aa353806b7be14"
        },
        {
          "type": "image",
          "assetId": "MHOuu7aKU8qiwc",
          "checksum": "b28d5b922ff712593a699247eda0247c"
        },
        {
          "type": "image",
          "assetId": "9E-skX5mnA4OmJ",
          "checksum": "86e8a9cb55eb06e32b4bdf5ec48743e5"
        },
        {
          "type": "image",
          "assetId": "HvF0bwctgBsZff",
          "checksum": "9972ae08f14f0f2248bb5c214cb5363e"
        },
        {
          "type": "image",
          "assetId": "M7mpV00irTS_Vc",
          "checksum": "986650361aa49b989bc2a7aa5e29b664"
        },
        {
          "type": "image",
          "assetId": "ROGr1uyz9w7AOY",
          "checksum": "f7a2ae8ac154aece84f949e4a856f799"
        },
        {
          "type": "image",
          "assetId": "hRcJ1IpYK5akUN",
          "checksum": "b6ab303b36fc00c4dee4aeca2b8bba6c"
        },
        {
          "type": "image",
          "assetId": "KuudljWeDxx3f4",
          "checksum": "91e17c73206e460e485c825953074b27"
        },
        {
          "type": "image",
          "assetId": "IhbOgDSKP771Mw",
          "checksum": "ba7d9fabe8d68e47e10bfabd9ce88a60"
        },
        {
          "type": "image",
          "assetId": "pWmBqqwJ7ymnXg",
          "checksum": "c2888500fa278899cdc1a0fc6c9ce485"
        },
        {
          "type": "image",
          "assetId": "0z2QyPG4dTu_GV",
          "checksum": "67f9b825e39a8b74c9cbd8175d0acab8"
        },
        {
          "type": "image",
          "assetId": "XDhEby-IxUWKEY",
          "checksum": "f44a0d81c1936dc3933d67000972502b"
        },
        {
          "type": "image",
          "assetId": "SBxLXszZu_4mw_",
          "checksum": "8dd88a4823c9d8fabdd680cf1f8fb5b8"
        },
        {
          "type": "image",
          "assetId": "mYTgjachUsrEjm",
          "checksum": "8b95ef6e8f4fc860fcf5934c199008da"
        },
        {
          "type": "image",
          "assetId": "6kOJwDRUlWyNG7",
          "checksum": "a1b299efa2abe701f62f2727627073f6"
        },
        {
          "type": "image",
          "assetId": "lC2704NQMR7jUi",
          "checksum": "86c01ea194520ced1e8ac5a55c9de049"
        },
        {
          "type": "image",
          "assetId": "QADh1Q2PWD2hET",
          "checksum": "887750493b90f83ac39f6f1cb9867689"
        },
        {
          "type": "image",
          "assetId": "lR8-klqW9q1_jJ",
          "checksum": "d831bd16d28a88f572b2276513c13412"
        },
        {
          "type": "image",
          "assetId": "NQfdx2OOm6r3Q4",
          "checksum": "3564fd4ad7b0c563f271fb5cb8954d5d"
        },
        {
          "type": "image",
          "assetId": "8N_H82E1a_bmyM",
          "checksum": "7bc763a36ae6bea730197d81daa550cd"
        },
        {
          "type": "image",
          "assetId": "V70GzeErt6s0Yu",
          "checksum": "0566ce85b77b2036ffcfa67140344bab"
        },
        {
          "type": "image",
          "assetId": "n5sKfMjAGrb6mG",
          "checksum": "6b2c0ba24a7bc751ca20df353ed2e8fd"
        },
        {
          "type": "image",
          "assetId": "yXbPZp3of2SEDb",
          "checksum": "fa86fb9648d01029fedfa138cf9b25b7"
        },
        {
          "type": "image",
          "assetId": "rgtEV7kMOLbIf-",
          "checksum": "1a912fbfd749182b432172bc426b99fc"
        },
        {
          "type": "image",
          "assetId": "ILRmmM9CO2XJTR",
          "checksum": "1db6803510b6777e1d5afa94de8bfc63"
        },
        {
          "type": "image",
          "assetId": "Fcvq2GP8t-arxV",
          "checksum": "b61998ac40fb6c838ac015fccb6c01da"
        },
        {
          "type": "image",
          "assetId": "2zojW3nddObNSx",
          "checksum": "e967159f40713161345428f26e6e64b4"
        },
        {
          "type": "image",
          "assetId": "q_PTObb6u58sEv",
          "checksum": "306eccd27d3b3aa77a7d54a5124d565a"
        },
        {
          "type": "image",
          "assetId": "4nqqxh-Y5PQHIA",
          "checksum": "4bbfc6e387f99a2a49784738b2453d69"
        },
        {
          "type": "image",
          "assetId": "B3GQ3ZAekJbuLC",
          "checksum": "e860881ce0bd0c39e0f2f3980540de73"
        },
        {
          "type": "image",
          "assetId": "RAd-dYZ8_myDkS",
          "checksum": "b2658a1fc0549c5f1c482398ec1ae1f1"
        },
        {
          "type": "image",
          "assetId": "wjdzKzGHwgArMj",
          "checksum": "32db04a5036ad2c4c9fbe3d5d1409bb5"
        },
        {
          "type": "image",
          "assetId": "87CkkxJq8_twWy",
          "checksum": "bb1552eaae5d027b1dfd8974e5c25d5a"
        },
        {
          "type": "image",
          "assetId": "j0Bpw3RnQhK52G",
          "checksum": "a833e05f6c0a81ce239158b96330de21"
        },
        {
          "type": "image",
          "assetId": "cw_RmsW4GCUuPH",
          "checksum": "8ae7225886a8fcdf1809035351e43b94"
        },
        {
          "type": "image",
          "assetId": "UsoMY0aTMIqUzr",
          "checksum": "01b44abc3e47201d3f5f09ad7bce43a6"
        },
        {
          "type": "image",
          "assetId": "4kIh9nfpprJseA",
          "checksum": "98c8fbe222eccf33e9031ae4c160b9f2"
        },
        {
          "type": "image",
          "assetId": "vZvooxSiojNBZh",
          "checksum": "8a610be55a3c63576b21f06238c6e737"
        },
        {
          "type": "image",
          "assetId": "SKaVhfx-7X7rVR",
          "checksum": "e2cab22848cc377737811e4ae262d42f"
        },
        {
          "type": "image",
          "assetId": "XUXuwjiMeSjL7r",
          "checksum": "ab3e278400af4db1bd281862ca7e0c6a"
        },
        {
          "type": "image",
          "assetId": "OgTgXqSkF0fc8R",
          "checksum": "3485a806a22fa7b171e790178ed8dcc7"
        },
        {
          "type": "image",
          "assetId": "GOvwC2tNreKQk7",
          "checksum": "b0f785652f72d4bdadab17cc77c9ac37"
        },
        {
          "type": "image",
          "assetId": "mADwY0xNom1nhR",
          "checksum": "69cd0f26bc4d284285a8faa57000b599"
        },
        {
          "type": "image",
          "assetId": "hMv-DCfsHmaiDK",
          "checksum": "0b18926a2e8ff7713f35db39bbc2ab80"
        },
        {
          "type": "image",
          "assetId": "84OemSuGLYdOSY",
          "checksum": "ff992a355f831382f551034f59e560d9"
        },
        {
          "type": "image",
          "assetId": "ciKAkIofryqcVa",
          "checksum": "42e3f49486c01aba9852a426a8f6be12"
        },
        {
          "type": "image",
          "assetId": "YTqel88XnxY5Dl",
          "checksum": "9a964367063bb08d83571e1ca3ff7877"
        },
        {
          "type": "image",
          "assetId": "o6GUM-WNQ",
          "checksum": "901a19479c9def5fcb883d3c3f9f442f"
        },
        {
          "type": "image",
          "assetId": "THAy5yRSc",
          "checksum": "76a3df1e426df7f0ea7ca139455e2231"
        },
        {
          "type": "image",
          "assetId": "t4NE65KAW",
          "checksum": "00907799ed0fefce9acf2e93d12961d3"
        },
        {
          "type": "image",
          "assetId": "La5ko2LJJ",
          "checksum": "d02fac3d6dcb9d8f6bdf0fe53b70e804"
        },
        {
          "type": "image",
          "assetId": "fq3MLci9v",
          "checksum": "52d51b55f98f0af6d483a9f72ec2a205"
        },
        {
          "type": "image",
          "assetId": "C4Q2nh4va",
          "checksum": "b6126cc2beb7482c3c2a25fbbe5988f8"
        },
        {
          "type": "image",
          "assetId": "W5VfLnbtD",
          "checksum": "b9b55368fd11770ac2d4271c45fa89d3"
        },
        {
          "type": "image",
          "assetId": "5DcG9Dy5U",
          "checksum": "97517160b617cf8d5c70a65699880657"
        },
        {
          "type": "image",
          "assetId": "ew_EQ1RSM",
          "checksum": "d2092670a34baced06437ec6c58f61fb"
        },
        {
          "type": "image",
          "assetId": "CzvM2wfoA",
          "checksum": "92f0d426b96c208324f1f82c446ed332"
        },
        {
          "type": "image",
          "assetId": "F8LADF4rp",
          "checksum": "e2a106410b506165f1854fca4c2002e4"
        },
        {
          "type": "image",
          "assetId": "JxlbimkXm",
          "checksum": "9703cdcd7b9d30b26636465e0b166a84"
        },
        {
          "type": "image",
          "assetId": "g3OsofBJv",
          "checksum": "cdb5251dc33e28b9acc0d32af44da4b9"
        },
        {
          "type": "image",
          "assetId": "e7clPgG0Z",
          "checksum": "cd114a456cd2c29618d40b3de070840a"
        },
        {
          "type": "image",
          "assetId": "ALwBuzUs1",
          "checksum": "f07f6665ec30f65b37e016e65637816a"
        },
        {
          "type": "image",
          "assetId": "zcd-fZ_6G",
          "checksum": "2f88282d8f23b97e3711a28f366a287c"
        },
        {
          "type": "image",
          "assetId": "iYHhtU8QL",
          "checksum": "ed8acf98fe6a502d3bff445fa60f7789"
        },
        {
          "type": "image",
          "assetId": "uGzQjp9uF",
          "checksum": "6d80eb08fe1258d98f597c143c20108c"
        },
        {
          "type": "image",
          "assetId": "O3fgkOXCH",
          "checksum": "5df51de53497a8358d0a87cf58b023a0"
        },
        {
          "type": "image",
          "assetId": "TQesnf_wx",
          "checksum": "7e676b82f42dd67f6b83e1ba8be09eea"
        },
        {
          "type": "image",
          "assetId": "MbH-IK91A",
          "checksum": "bd066c9dc8c5f45fd517cf4a876c05d7"
        },
        {
          "type": "image",
          "assetId": "XTlPoXuI_",
          "checksum": "dbd9c6aab110066ce01f4bc21f4806a8"
        },
        {
          "type": "image",
          "assetId": "tT61t7K1J",
          "checksum": "bd9f726e5584a4807486a83024a0c8f2"
        },
        {
          "type": "image",
          "assetId": "467zGk_Vt",
          "checksum": "53e9a9c320eeb9524914b63343b77c35"
        },
        {
          "type": "image",
          "assetId": "0ujr2DdNu",
          "checksum": "6fe817d7e2c2fc7a0b5c869c1d1e8e26"
        },
        {
          "type": "image",
          "assetId": "l2jw0FrGF",
          "checksum": "5de63c51e7b1067fee8861d8fb50450d"
        },
        {
          "type": "image",
          "assetId": "oa31x91dY",
          "checksum": "89a077008d872d16db583101a936c412"
        },
        {
          "type": "image",
          "assetId": "iIgzaUhi4",
          "checksum": "9d2943e520f28f6994283f2bc98ec66e"
        },
        {
          "type": "image",
          "assetId": "WHrqLouyv",
          "checksum": "4c230f44bc91f0f079fff6e0680bf4f8"
        },
        {
          "type": "image",
          "assetId": "v2RJ1EcVJ",
          "checksum": "8bc3b29c7b921cb17a638897b9c01d29"
        },
        {
          "type": "image",
          "assetId": "PEy679fAm",
          "checksum": "74b25fc513b03b83a2a6d76911ca4cee"
        },
        {
          "type": "image",
          "assetId": "uNQNODv-F",
          "checksum": "2ab47e0a385833f8f502240d50c89121"
        },
        {
          "type": "image",
          "assetId": "unT1Wjxp_",
          "checksum": "52b99348bb342ec65b357e128a10b797"
        },
        {
          "type": "image",
          "assetId": "3mnScJO3N",
          "checksum": "b6b0a0f9e9f05c7757cb2919725a1133"
        },
        {
          "type": "image",
          "assetId": "005yFcHt0",
          "checksum": "d6396dde75f277d24bbff1b5112e92f2"
        },
        {
          "type": "image",
          "assetId": "0xfatosEv",
          "checksum": "afc4ff72bc3d5f252325146e562da449"
        },
        {
          "type": "image",
          "assetId": "vgyRTZ7rd",
          "checksum": "5bbd71fb68d64fdb551204c598e69855"
        },
        {
          "type": "image",
          "assetId": "cwfD9hMCg",
          "checksum": "e731959584a23e03b6335bed737d6675"
        },
        {
          "type": "image",
          "assetId": "Y9EpBcJuQ",
          "checksum": "a9a7d58227a4cddb2cabc77bf1c1b0b9"
        },
        {
          "type": "image",
          "assetId": "ImjuSlC9q",
          "checksum": "841d1551b80c1c2b446883372affc0eb"
        },
        {
          "type": "image",
          "assetId": "GuS7Bw7jt",
          "checksum": "45990118fb75a0ae0213556301a6ea4c"
        },
        {
          "type": "image",
          "assetId": "yirSwc1Mb",
          "checksum": "9ecf3bfb4dd29ee26aeb570d8035ef92"
        },
        {
          "type": "image",
          "assetId": "p-szt2YBJ",
          "checksum": "9577c0713a5270ba99e19b823fe2a23f"
        },
        {
          "type": "image",
          "assetId": "JWAPJuT6N",
          "checksum": "217efa4ed9d8a84306baea572c328ff7"
        },
        {
          "type": "image",
          "assetId": "hGgQPEc70",
          "checksum": "4b8737d46593a2ccce32a86d59e82c6e"
        },
        {
          "type": "image",
          "assetId": "HEB_jbjbv",
          "checksum": "29acdef1258f9d846ff170b26671b25e"
        },
        {
          "type": "image",
          "assetId": "LXq8uE_Ll",
          "checksum": "8bf1f84541266ead4e92f73824605c41"
        },
        {
          "type": "image",
          "assetId": "fEH7m8_Wp",
          "checksum": "f4fdde30877ccdc64730867e6b522443"
        },
        {
          "type": "image",
          "assetId": "XIhw8txfl",
          "checksum": "5801e65c020ae34ef73d7a696977b87b"
        },
        {
          "type": "image",
          "assetId": "P4bGhGVj8",
          "checksum": "d6acf206dddfb5c20b2debfd5fab0f2a"
        },
        {
          "assetId": "rEfCz2iwr7rKqS5mwAwHSJ",
          "type": "projectCss",
          "checksum": "d06fd1ee08526c6c2901dddeb93f9d6e"
        },
        {
          "type": "image",
          "assetId": "MBF58VBjk",
          "checksum": "b8915e2fbf3a17723b7033cc7b5da02b"
        }
      ],
      "codegenVersion": "0.0.1"
    },
    {
      "projectId": "caTPwKxj5ZrD9LQ7DMdK4Z",
      "version": "3.19.0",
      "dependencies": {},
      "lang": "js",
      "fileLocks": [
        {
          "assetId": "caTPwKxj5ZrD9LQ7DMdK4Z",
          "type": "projectCss",
          "checksum": "9fe64c4dd8439ba4d2df6de161f0ad40"
        }
      ],
      "codegenVersion": "0.0.1"
    }
  ],
  "cliVersion": "0.1.254"
}
